// !$*UTF8*$!
{
	archiveVersion = 1;
	classes = {
	};
	objectVersion = 50;
	objects = {

/* Begin PBXBuildFile section */
		DEC3207226ABBE080029AF3E /* AppDelegate.swift in Sources */ = {isa = PBXBuildFile; fileRef = DEC3207126ABBE080029AF3E /* AppDelegate.swift */; };
		DEC3207426ABBE080029AF3E /* SceneDelegate.swift in Sources */ = {isa = PBXBuildFile; fileRef = DEC3207326ABBE080029AF3E /* SceneDelegate.swift */; };
		DEC3207626ABBE080029AF3E /* ViewController.swift in Sources */ = {isa = PBXBuildFile; fileRef = DEC3207526ABBE080029AF3E /* ViewController.swift */; };
		DEC3207926ABBE080029AF3E /* Main.storyboard in Resources */ = {isa = PBXBuildFile; fileRef = DEC3207726ABBE080029AF3E /* Main.storyboard */; };
		DEC3207B26ABBE090029AF3E /* Assets.xcassets in Resources */ = {isa = PBXBuildFile; fileRef = DEC3207A26ABBE090029AF3E /* Assets.xcassets */; };
		DEC3207E26ABBE090029AF3E /* LaunchScreen.storyboard in Resources */ = {isa = PBXBuildFile; fileRef = DEC3207C26ABBE090029AF3E /* LaunchScreen.storyboard */; };
		DEC3208726ABBEC10029AF3E /* bulb_off.jpeg in Resources */ = {isa = PBXBuildFile; fileRef = DEC3208526ABBEC10029AF3E /* bulb_off.jpeg */; };
		DEC3208826ABBEC10029AF3E /* bulb_on.jpeg in Resources */ = {isa = PBXBuildFile; fileRef = DEC3208626ABBEC10029AF3E /* bulb_on.jpeg */; };
		DEC3208C26ABC6170029AF3E /* money2.jpeg in Resources */ = {isa = PBXBuildFile; fileRef = DEC3208A26ABC6170029AF3E /* money2.jpeg */; };
		DEC3208D26ABC6170029AF3E /* money.jpeg in Resources */ = {isa = PBXBuildFile; fileRef = DEC3208B26ABC6170029AF3E /* money.jpeg */; };
/* End PBXBuildFile section */

/* Begin PBXFileReference section */
		DEC3206E26ABBE080029AF3E /* ImageView.app */ = {isa = PBXFileReference; explicitFileType = wrapper.application; includeInIndex = 0; path = ImageView.app; sourceTree = BUILT_PRODUCTS_DIR; };
		DEC3207126ABBE080029AF3E /* AppDelegate.swift */ = {isa = PBXFileReference; lastKnownFileType = sourcecode.swift; path = AppDelegate.swift; sourceTree = "<group>"; };
		DEC3207326ABBE080029AF3E /* SceneDelegate.swift */ = {isa = PBXFileReference; lastKnownFileType = sourcecode.swift; path = SceneDelegate.swift; sourceTree = "<group>"; };
		DEC3207526ABBE080029AF3E /* ViewController.swift */ = {isa = PBXFileReference; lastKnownFileType = sourcecode.swift; path = ViewController.swift; sourceTree = "<group>"; };
		DEC3207826ABBE080029AF3E /* Base */ = {isa = PBXFileReference; lastKnownFileType = file.storyboard; name = Base; path = Base.lproj/Main.storyboard; sourceTree = "<group>"; };
		DEC3207A26ABBE090029AF3E /* Assets.xcassets */ = {isa = PBXFileReference; lastKnownFileType = folder.assetcatalog; path = Assets.xcassets; sourceTree = "<group>"; };
		DEC3207D26ABBE090029AF3E /* Base */ = {isa = PBXFileReference; lastKnownFileType = file.storyboard; name = Base; path = Base.lproj/LaunchScreen.storyboard; sourceTree = "<group>"; };
		DEC3207F26ABBE090029AF3E /* Info.plist */ = {isa = PBXFileReference; lastKnownFileType = text.plist.xml; path = Info.plist; sourceTree = "<group>"; };
		DEC3208526ABBEC10029AF3E /* bulb_off.jpeg */ = {isa = PBXFileReference; lastKnownFileType = image.jpeg; path = bulb_off.jpeg; sourceTree = "<group>"; };
		DEC3208626ABBEC10029AF3E /* bulb_on.jpeg */ = {isa = PBXFileReference; lastKnownFileType = image.jpeg; path = bulb_on.jpeg; sourceTree = "<group>"; };
		DEC3208A26ABC6170029AF3E /* money2.jpeg */ = {isa = PBXFileReference; lastKnownFileType = image.jpeg; path = money2.jpeg; sourceTree = "<group>"; };
		DEC3208B26ABC6170029AF3E /* money.jpeg */ = {isa = PBXFileReference; lastKnownFileType = image.jpeg; path = money.jpeg; sourceTree = "<group>"; };
/* End PBXFileReference section */

/* Begin PBXFrameworksBuildPhase section */
		DEC3206B26ABBE080029AF3E /* Frameworks */ = {
			isa = PBXFrameworksBuildPhase;
			buildActionMask = 2147483647;
			files = (
			);
			runOnlyForDeploymentPostprocessing = 0;
		};
/* End PBXFrameworksBuildPhase section */

/* Begin PBXGroup section */
		DEC3206526ABBE080029AF3E = {
			isa = PBXGroup;
			children = (
				DEC3208926ABC6020029AF3E /* Resources */,
				DEC3207026ABBE080029AF3E /* ImageView */,
				DEC3206F26ABBE080029AF3E /* Products */,
			);
			sourceTree = "<group>";
		};
		DEC3206F26ABBE080029AF3E /* Products */ = {
			isa = PBXGroup;
			children = (
				DEC3206E26ABBE080029AF3E /* ImageView.app */,
			);
			name = Products;
			sourceTree = "<group>";
		};
		DEC3207026ABBE080029AF3E /* ImageView */ = {
			isa = PBXGroup;
			children = (
				DEC3207126ABBE080029AF3E /* AppDelegate.swift */,
				DEC3207326ABBE080029AF3E /* SceneDelegate.swift */,
				DEC3207526ABBE080029AF3E /* ViewController.swift */,
				DEC3207726ABBE080029AF3E /* Main.storyboard */,
				DEC3207A26ABBE090029AF3E /* Assets.xcassets */,
				DEC3207C26ABBE090029AF3E /* LaunchScreen.storyboard */,
				DEC3207F26ABBE090029AF3E /* Info.plist */,
			);
			path = ImageView;
			sourceTree = "<group>";
		};
		DEC3208926ABC6020029AF3E /* Resources */ = {
			isa = PBXGroup;
			children = (
				DEC3208526ABBEC10029AF3E /* bulb_off.jpeg */,
				DEC3208B26ABC6170029AF3E /* money.jpeg */,
				DEC3208A26ABC6170029AF3E /* money2.jpeg */,
				DEC3208626ABBEC10029AF3E /* bulb_on.jpeg */,
			);
			path = Resources;
			sourceTree = "<group>";
		};
/* End PBXGroup section */

/* Begin PBXNativeTarget section */
		DEC3206D26ABBE080029AF3E /* ImageView */ = {
			isa = PBXNativeTarget;
			buildConfigurationList = DEC3208226ABBE090029AF3E /* Build configuration list for PBXNativeTarget "ImageView" */;
			buildPhases = (
				DEC3206A26ABBE080029AF3E /* Sources */,
				DEC3206B26ABBE080029AF3E /* Frameworks */,
				DEC3206C26ABBE080029AF3E /* Resources */,
			);
			buildRules = (
			);
			dependencies = (
			);
			name = ImageView;
			productName = ImageView;
			productReference = DEC3206E26ABBE080029AF3E /* ImageView.app */;
			productType = "com.apple.product-type.application";
		};
/* End PBXNativeTarget section */

/* Begin PBXProject section */
		DEC3206626ABBE080029AF3E /* Project object */ = {
			isa = PBXProject;
			attributes = {
				LastSwiftUpdateCheck = 1250;
				LastUpgradeCheck = 1250;
				TargetAttributes = {
					DEC3206D26ABBE080029AF3E = {
						CreatedOnToolsVersion = 12.5;
					};
				};
			};
			buildConfigurationList = DEC3206926ABBE080029AF3E /* Build configuration list for PBXProject "ImageView" */;
			compatibilityVersion = "Xcode 9.3";
			developmentRegion = en;
			hasScannedForEncodings = 0;
			knownRegions = (
				en,
				Base,
			);
			mainGroup = DEC3206526ABBE080029AF3E;
			productRefGroup = DEC3206F26ABBE080029AF3E /* Products */;
			projectDirPath = "";
			projectRoot = "";
			targets = (
				DEC3206D26ABBE080029AF3E /* ImageView */,
			);
		};
/* End PBXProject section */

/* Begin PBXResourcesBuildPhase section */
		DEC3206C26ABBE080029AF3E /* Resources */ = {
			isa = PBXResourcesBuildPhase;
			buildActionMask = 2147483647;
			files = (
				DEC3208D26ABC6170029AF3E /* money.jpeg in Resources */,
				DEC3208726ABBEC10029AF3E /* bulb_off.jpeg in Resources */,
				DEC3207E26ABBE090029AF3E /* LaunchScreen.storyboard in Resources */,
				DEC3208826ABBEC10029AF3E /* bulb_on.jpeg in Resources */,
				DEC3208C26ABC6170029AF3E /* money2.jpeg in Resources */,
				DEC3207B26ABBE090029AF3E /* Assets.xcassets in Resources */,
				DEC3207926ABBE080029AF3E /* Main.storyboard in Resources */,
			);
			runOnlyForDeploymentPostprocessing = 0;
		};
/* End PBXResourcesBuildPhase section */

/* Begin PBXSourcesBuildPhase section */
		DEC3206A26ABBE080029AF3E /* Sources */ = {
			isa = PBXSourcesBuildPhase;
			buildActionMask = 2147483647;
			files = (
				DEC3207626ABBE080029AF3E /* ViewController.swift in Sources */,
				DEC3207226ABBE080029AF3E /* AppDelegate.swift in Sources */,
				DEC3207426ABBE080029AF3E /* SceneDelegate.swift in Sources */,
			);
			runOnlyForDeploymentPostprocessing = 0;
		};
/* End PBXSourcesBuildPhase section */

/* Begin PBXVariantGroup section */
		DEC3207726ABBE080029AF3E /* Main.storyboard */ = {
			isa = PBXVariantGroup;
			children = (
				DEC3207826ABBE080029AF3E /* Base */,
			);
			name = Main.storyboard;
			sourceTree = "<group>";
		};
		DEC3207C26ABBE090029AF3E /* LaunchScreen.storyboard */ = {
			isa = PBXVariantGroup;
			children = (
				DEC3207D26ABBE090029AF3E /* Base */,
			);
			name = LaunchScreen.storyboard;
			sourceTree = "<group>";
		};
/* End PBXVariantGroup section */

/* Begin XCBuildConfiguration section */
		DEC3208026ABBE090029AF3E /* Debug */ = {
			isa = XCBuildConfiguration;
			buildSettings = {
				ALWAYS_SEARCH_USER_PATHS = NO;
				CLANG_ANALYZER_NONNULL = YES;
				CLANG_ANALYZER_NUMBER_OBJECT_CONVERSION = YES_AGGRESSIVE;
				CLANG_CXX_LANGUAGE_STANDARD = "gnu++14";
				CLANG_CXX_LIBRARY = "libc++";
				CLANG_ENABLE_MODULES = YES;
				CLANG_ENABLE_OBJC_ARC = YES;
				CLANG_ENABLE_OBJC_WEAK = YES;
				CLANG_WARN_BLOCK_CAPTURE_AUTORELEASING = YES;
				CLANG_WARN_BOOL_CONVERSION = YES;
				CLANG_WARN_COMMA = YES;
				CLANG_WARN_CONSTANT_CONVERSION = YES;
				CLANG_WARN_DEPRECATED_OBJC_IMPLEMENTATIONS = YES;
				CLANG_WARN_DIRECT_OBJC_ISA_USAGE = YES_ERROR;
				CLANG_WARN_DOCUMENTATION_COMMENTS = YES;
				CLANG_WARN_EMPTY_BODY = YES;
				CLANG_WARN_ENUM_CONVERSION = YES;
				CLANG_WARN_INFINITE_RECURSION = YES;
				CLANG_WARN_INT_CONVERSION = YES;
				CLANG_WARN_NON_LITERAL_NULL_CONVERSION = YES;
				CLANG_WARN_OBJC_IMPLICIT_RETAIN_SELF = YES;
				CLANG_WARN_OBJC_LITERAL_CONVERSION = YES;
				CLANG_WARN_OBJC_ROOT_CLASS = YES_ERROR;
				CLANG_WARN_QUOTED_INCLUDE_IN_FRAMEWORK_HEADER = YES;
				CLANG_WARN_RANGE_LOOP_ANALYSIS = YES;
				CLANG_WARN_STRICT_PROTOTYPES = YES;
				CLANG_WARN_SUSPICIOUS_MOVE = YES;
				CLANG_WARN_UNGUARDED_AVAILABILITY = YES_AGGRESSIVE;
				CLANG_WARN_UNREACHABLE_CODE = YES;
				CLANG_WARN__DUPLICATE_METHOD_MATCH = YES;
				COPY_PHASE_STRIP = NO;
				DEBUG_INFORMATION_FORMAT = dwarf;
				ENABLE_STRICT_OBJC_MSGSEND = YES;
				ENABLE_TESTABILITY = YES;
				GCC_C_LANGUAGE_STANDARD = gnu11;
				GCC_DYNAMIC_NO_PIC = NO;
				GCC_NO_COMMON_BLOCKS = YES;
				GCC_OPTIMIZATION_LEVEL = 0;
				GCC_PREPROCESSOR_DEFINITIONS = (
					"DEBUG=1",
					"$(inherited)",
				);
				GCC_WARN_64_TO_32_BIT_CONVERSION = YES;
				GCC_WARN_ABOUT_RETURN_TYPE = YES_ERROR;
				GCC_WARN_UNDECLARED_SELECTOR = YES;
				GCC_WARN_UNINITIALIZED_AUTOS = YES_AGGRESSIVE;
				GCC_WARN_UNUSED_FUNCTION = YES;
				GCC_WARN_UNUSED_VARIABLE = YES;
				IPHONEOS_DEPLOYMENT_TARGET = 14.5;
				MTL_ENABLE_DEBUG_INFO = INCLUDE_SOURCE;
				MTL_FAST_MATH = YES;
				ONLY_ACTIVE_ARCH = YES;
				SDKROOT = iphoneos;
				SWIFT_ACTIVE_COMPILATION_CONDITIONS = DEBUG;
				SWIFT_OPTIMIZATION_LEVEL = "-Onone";
			};
			name = Debug;
		};
		DEC3208126ABBE090029AF3E /* Release */ = {
			isa = XCBuildConfiguration;
			buildSettings = {
				ALWAYS_SEARCH_USER_PATHS = NO;
				CLANG_ANALYZER_NONNULL = YES;
				CLANG_ANALYZER_NUMBER_OBJECT_CONVERSION = YES_AGGRESSIVE;
				CLANG_CXX_LANGUAGE_STANDARD = "gnu++14";
				CLANG_CXX_LIBRARY = "libc++";
				CLANG_ENABLE_MODULES = YES;
				CLANG_ENABLE_OBJC_ARC = YES;
				CLANG_ENABLE_OBJC_WEAK = YES;
				CLANG_WARN_BLOCK_CAPTURE_AUTORELEASING = YES;
				CLANG_WARN_BOOL_CONVERSION = YES;
				CLANG_WARN_COMMA = YES;
				CLANG_WARN_CONSTANT_CONVERSION = YES;
				CLANG_WARN_DEPRECATED_OBJC_IMPLEMENTATIONS = YES;
				CLANG_WARN_DIRECT_OBJC_ISA_USAGE = YES_ERROR;
				CLANG_WARN_DOCUMENTATION_COMMENTS = YES;
				CLANG_WARN_EMPTY_BODY = YES;
				CLANG_WARN_ENUM_CONVERSION = YES;
				CLANG_WARN_INFINITE_RECURSION = YES;
				CLANG_WARN_INT_CONVERSION = YES;
				CLANG_WARN_NON_LITERAL_NULL_CONVERSION = YES;
				CLANG_WARN_OBJC_IMPLICIT_RETAIN_SELF = YES;
				CLANG_WARN_OBJC_LITERAL_CONVERSION = YES;
				CLANG_WARN_OBJC_ROOT_CLASS = YES_ERROR;
				CLANG_WARN_QUOTED_INCLUDE_IN_FRAMEWORK_HEADER = YES;
				CLANG_WARN_RANGE_LOOP_ANALYSIS = YES;
				CLANG_WARN_STRICT_PROTOTYPES = YES;
				CLANG_WARN_SUSPICIOUS_MOVE = YES;
				CLANG_WARN_UNGUARDED_AVAILABILITY = YES_AGGRESSIVE;
				CLANG_WARN_UNREACHABLE_CODE = YES;
				CLANG_WARN__DUPLICATE_METHOD_MATCH = YES;
				COPY_PHASE_STRIP = NO;
				DEBUG_INFORMATION_FORMAT = "dwarf-with-dsym";
				ENABLE_NS_ASSERTIONS = NO;
				ENABLE_STRICT_OBJC_MSGSEND = YES;
				GCC_C_LANGUAGE_STANDARD = gnu11;
				GCC_NO_COMMON_BLOCKS = YES;
				GCC_WARN_64_TO_32_BIT_CONVERSION = YES;
				GCC_WARN_ABOUT_RETURN_TYPE = YES_ERROR;
				GCC_WARN_UNDECLARED_SELECTOR = YES;
				GCC_WARN_UNINITIALIZED_AUTOS = YES_AGGRESSIVE;
				GCC_WARN_UNUSED_FUNCTION = YES;
				GCC_WARN_UNUSED_VARIABLE = YES;
				IPHONEOS_DEPLOYMENT_TARGET = 14.5;
				MTL_ENABLE_DEBUG_INFO = NO;
				MTL_FAST_MATH = YES;
				SDKROOT = iphoneos;
				SWIFT_COMPILATION_MODE = wholemodule;
				SWIFT_OPTIMIZATION_LEVEL = "-O";
				VALIDATE_PRODUCT = YES;
			};
			name = Release;
		};
		DEC3208326ABBE090029AF3E /* Debug */ = {
			isa = XCBuildConfiguration;
			buildSettings = {
				ASSETCATALOG_COMPILER_APPICON_NAME = AppIcon;
				ASSETCATALOG_COMPILER_GLOBAL_ACCENT_COLOR_NAME = AccentColor;
				CODE_SIGN_STYLE = Automatic;
				DEVELOPMENT_TEAM = 295RZ63R97;
				INFOPLIST_FILE = ImageView/Info.plist;
				LD_RUNPATH_SEARCH_PATHS = (
					"$(inherited)",
					"@executable_path/Frameworks",
				);
				PRODUCT_BUNDLE_IDENTIFIER = SeongHyeonBaek.ImageView;
				PRODUCT_NAME = "$(TARGET_NAME)";
				SWIFT_VERSION = 5.0;
				TARGETED_DEVICE_FAMILY = "1,2";
			};
			name = Debug;
		};
		DEC3208426ABBE090029AF3E /* Release */ = {
			isa = XCBuildConfiguration;
			buildSettings = {
				ASSETCATALOG_COMPILER_APPICON_NAME = AppIcon;
				ASSETCATALOG_COMPILER_GLOBAL_ACCENT_COLOR_NAME = AccentColor;
				CODE_SIGN_STYLE = Automatic;
				DEVELOPMENT_TEAM = 295RZ63R97;
				INFOPLIST_FILE = ImageView/Info.plist;
				LD_RUNPATH_SEARCH_PATHS = (
					"$(inherited)",
					"@executable_path/Frameworks",
				);
				PRODUCT_BUNDLE_IDENTIFIER = SeongHyeonBaek.ImageView;
				PRODUCT_NAME = "$(TARGET_NAME)";
				SWIFT_VERSION = 5.0;
				TARGETED_DEVICE_FAMILY = "1,2";
			};
			name = Release;
		};
/* End XCBuildConfiguration section */

/* Begin XCConfigurationList section */
		DEC3206926ABBE080029AF3E /* Build configuration list for PBXProject "ImageView" */ = {
			isa = XCConfigurationList;
			buildConfigurations = (
				DEC3208026ABBE090029AF3E /* Debug */,
				DEC3208126ABBE090029AF3E /* Release */,
			);
			defaultConfigurationIsVisible = 0;
			defaultConfigurationName = Release;
		};
		DEC3208226ABBE090029AF3E /* Build configuration list for PBXNativeTarget "ImageView" */ = {
			isa = XCConfigurationList;
			buildConfigurations = (
				DEC3208326ABBE090029AF3E /* Debug */,
				DEC3208426ABBE090029AF3E /* Release */,
			);
			defaultConfigurationIsVisible = 0;
			defaultConfigurationName = Release;
		};
/* End XCConfigurationList section */
	};
	rootObject = DEC3206626ABBE080029AF3E /* Project object */;
}
