// !$*UTF8*$!
{
	archiveVersion = 1;
	classes = {
	};
	objectVersion = 50;
	objects = {

/* Begin PBXBuildFile section */
		57D4AC1C6C49683600FAC4EC /* amplifyconfiguration.json in Resources */ = {isa = PBXBuildFile; fileRef = 86E147B065386812CDC97CB6 /* amplifyconfiguration.json */; };
		696E0272A88E0F7E2EF243FB /* awsconfiguration.json in Resources */ = {isa = PBXBuildFile; fileRef = 56F190195C3287E6BCBDF6D1 /* awsconfiguration.json */; };
		DEE0DD2426CBE18A0028F910 /* AppDelegate.swift in Sources */ = {isa = PBXBuildFile; fileRef = DEE0DD2326CBE18A0028F910 /* AppDelegate.swift */; };
		DEE0DD2626CBE18A0028F910 /* SceneDelegate.swift in Sources */ = {isa = PBXBuildFile; fileRef = DEE0DD2526CBE18A0028F910 /* SceneDelegate.swift */; };
		DEE0DD2826CBE18A0028F910 /* ViewController.swift in Sources */ = {isa = PBXBuildFile; fileRef = DEE0DD2726CBE18A0028F910 /* ViewController.swift */; };
		DEE0DD2B26CBE18A0028F910 /* Main.storyboard in Resources */ = {isa = PBXBuildFile; fileRef = DEE0DD2926CBE18A0028F910 /* Main.storyboard */; };
		DEE0DD2E26CBE18A0028F910 /* test05.xcdatamodeld in Sources */ = {isa = PBXBuildFile; fileRef = DEE0DD2C26CBE18A0028F910 /* test05.xcdatamodeld */; };
		DEE0DD3026CBE18B0028F910 /* Assets.xcassets in Resources */ = {isa = PBXBuildFile; fileRef = DEE0DD2F26CBE18B0028F910 /* Assets.xcassets */; };
		DEE0DD3326CBE18B0028F910 /* LaunchScreen.storyboard in Resources */ = {isa = PBXBuildFile; fileRef = DEE0DD3126CBE18B0028F910 /* LaunchScreen.storyboard */; };
/* End PBXBuildFile section */

/* Begin PBXFileReference section */
		56F190195C3287E6BCBDF6D1 /* awsconfiguration.json */ = {isa = PBXFileReference; explicitFileType = text.json; lastKnownFileType = text.json; name = awsconfiguration.json; path = awsconfiguration.json; sourceTree = "<group>"; };
		86E147B065386812CDC97CB6 /* amplifyconfiguration.json */ = {isa = PBXFileReference; explicitFileType = text.json; lastKnownFileType = text.json; name = amplifyconfiguration.json; path = amplifyconfiguration.json; sourceTree = "<group>"; };
		DEE0DD2026CBE18A0028F910 /* test05.app */ = {isa = PBXFileReference; explicitFileType = wrapper.application; includeInIndex = 0; path = test05.app; sourceTree = BUILT_PRODUCTS_DIR; };
		DEE0DD2326CBE18A0028F910 /* AppDelegate.swift */ = {isa = PBXFileReference; lastKnownFileType = sourcecode.swift; path = AppDelegate.swift; sourceTree = "<group>"; };
		DEE0DD2526CBE18A0028F910 /* SceneDelegate.swift */ = {isa = PBXFileReference; lastKnownFileType = sourcecode.swift; path = SceneDelegate.swift; sourceTree = "<group>"; };
		DEE0DD2726CBE18A0028F910 /* ViewController.swift */ = {isa = PBXFileReference; lastKnownFileType = sourcecode.swift; path = ViewController.swift; sourceTree = "<group>"; };
		DEE0DD2A26CBE18A0028F910 /* Base */ = {isa = PBXFileReference; lastKnownFileType = file.storyboard; name = Base; path = Base.lproj/Main.storyboard; sourceTree = "<group>"; };
		DEE0DD2D26CBE18A0028F910 /* test05.xcdatamodel */ = {isa = PBXFileReference; lastKnownFileType = wrapper.xcdatamodel; path = test05.xcdatamodel; sourceTree = "<group>"; };
		DEE0DD2F26CBE18B0028F910 /* Assets.xcassets */ = {isa = PBXFileReference; lastKnownFileType = folder.assetcatalog; path = Assets.xcassets; sourceTree = "<group>"; };
		DEE0DD3226CBE18B0028F910 /* Base */ = {isa = PBXFileReference; lastKnownFileType = file.storyboard; name = Base; path = Base.lproj/LaunchScreen.storyboard; sourceTree = "<group>"; };
		DEE0DD3426CBE18B0028F910 /* Info.plist */ = {isa = PBXFileReference; lastKnownFileType = text.plist.xml; path = Info.plist; sourceTree = "<group>"; };
/* End PBXFileReference section */

/* Begin PBXFrameworksBuildPhase section */
		DEE0DD1D26CBE18A0028F910 /* Frameworks */ = {
			isa = PBXFrameworksBuildPhase;
			buildActionMask = 2147483647;
			files = (
			);
			runOnlyForDeploymentPostprocessing = 0;
		};
/* End PBXFrameworksBuildPhase section */

/* Begin PBXGroup section */
		C430A1DDA1B0E006CC4A6B0D /* AmplifyConfig */ = {
			isa = PBXGroup;
			children = (
				56F190195C3287E6BCBDF6D1 /* awsconfiguration.json */,
				86E147B065386812CDC97CB6 /* amplifyconfiguration.json */,
			);
			name = AmplifyConfig;
			sourceTree = "<group>";
		};
		DEE0DD1726CBE18A0028F910 = {
			isa = PBXGroup;
			children = (
				DEE0DD2226CBE18A0028F910 /* test05 */,
				DEE0DD2126CBE18A0028F910 /* Products */,
				C430A1DDA1B0E006CC4A6B0D /* AmplifyConfig */,
			);
			sourceTree = "<group>";
		};
		DEE0DD2126CBE18A0028F910 /* Products */ = {
			isa = PBXGroup;
			children = (
				DEE0DD2026CBE18A0028F910 /* test05.app */,
			);
			name = Products;
			sourceTree = "<group>";
		};
		DEE0DD2226CBE18A0028F910 /* test05 */ = {
			isa = PBXGroup;
			children = (
				DEE0DD2326CBE18A0028F910 /* AppDelegate.swift */,
				DEE0DD2526CBE18A0028F910 /* SceneDelegate.swift */,
				DEE0DD2726CBE18A0028F910 /* ViewController.swift */,
				DEE0DD2926CBE18A0028F910 /* Main.storyboard */,
				DEE0DD2F26CBE18B0028F910 /* Assets.xcassets */,
				DEE0DD3126CBE18B0028F910 /* LaunchScreen.storyboard */,
				DEE0DD3426CBE18B0028F910 /* Info.plist */,
				DEE0DD2C26CBE18A0028F910 /* test05.xcdatamodeld */,
			);
			path = test05;
			sourceTree = "<group>";
		};
/* End PBXGroup section */

/* Begin PBXNativeTarget section */
		DEE0DD1F26CBE18A0028F910 /* test05 */ = {
			isa = PBXNativeTarget;
			buildConfigurationList = DEE0DD3726CBE18B0028F910 /* Build configuration list for PBXNativeTarget "test05" */;
			buildPhases = (
				DEE0DD1C26CBE18A0028F910 /* Sources */,
				DEE0DD1D26CBE18A0028F910 /* Frameworks */,
				DEE0DD1E26CBE18A0028F910 /* Resources */,
			);
			buildRules = (
			);
			dependencies = (
			);
			name = test05;
			productName = test05;
			productReference = DEE0DD2026CBE18A0028F910 /* test05.app */;
			productType = "com.apple.product-type.application";
		};
/* End PBXNativeTarget section */

/* Begin PBXProject section */
		DEE0DD1826CBE18A0028F910 /* Project object */ = {
			isa = PBXProject;
			attributes = {
				LastSwiftUpdateCheck = 1250;
				LastUpgradeCheck = 1250;
				TargetAttributes = {
					DEE0DD1F26CBE18A0028F910 = {
						CreatedOnToolsVersion = 12.5;
					};
				};
			};
			buildConfigurationList = DEE0DD1B26CBE18A0028F910 /* Build configuration list for PBXProject "test05" */;
			compatibilityVersion = "Xcode 9.3";
			developmentRegion = en;
			hasScannedForEncodings = 0;
			knownRegions = (
				en,
				Base,
			);
			mainGroup = DEE0DD1726CBE18A0028F910;
			productRefGroup = DEE0DD2126CBE18A0028F910 /* Products */;
			projectDirPath = "";
			projectRoot = "";
			targets = (
				DEE0DD1F26CBE18A0028F910 /* test05 */,
			);
		};
/* End PBXProject section */

/* Begin PBXResourcesBuildPhase section */
		DEE0DD1E26CBE18A0028F910 /* Resources */ = {
			isa = PBXResourcesBuildPhase;
			buildActionMask = 2147483647;
			files = (
				DEE0DD3326CBE18B0028F910 /* LaunchScreen.storyboard in Resources */,
				DEE0DD3026CBE18B0028F910 /* Assets.xcassets in Resources */,
				DEE0DD2B26CBE18A0028F910 /* Main.storyboard in Resources */,
				696E0272A88E0F7E2EF243FB /* awsconfiguration.json in Resources */,
				57D4AC1C6C49683600FAC4EC /* amplifyconfiguration.json in Resources */,
			);
			runOnlyForDeploymentPostprocessing = 0;
		};
/* End PBXResourcesBuildPhase section */

/* Begin PBXSourcesBuildPhase section */
		DEE0DD1C26CBE18A0028F910 /* Sources */ = {
			isa = PBXSourcesBuildPhase;
			buildActionMask = 2147483647;
			files = (
				DEE0DD2E26CBE18A0028F910 /* test05.xcdatamodeld in Sources */,
				DEE0DD2826CBE18A0028F910 /* ViewController.swift in Sources */,
				DEE0DD2426CBE18A0028F910 /* AppDelegate.swift in Sources */,
				DEE0DD2626CBE18A0028F910 /* SceneDelegate.swift in Sources */,
			);
			runOnlyForDeploymentPostprocessing = 0;
		};
/* End PBXSourcesBuildPhase section */

/* Begin PBXVariantGroup section */
		DEE0DD2926CBE18A0028F910 /* Main.storyboard */ = {
			isa = PBXVariantGroup;
			children = (
				DEE0DD2A26CBE18A0028F910 /* Base */,
			);
			name = Main.storyboard;
			sourceTree = "<group>";
		};
		DEE0DD3126CBE18B0028F910 /* LaunchScreen.storyboard */ = {
			isa = PBXVariantGroup;
			children = (
				DEE0DD3226CBE18B0028F910 /* Base */,
			);
			name = LaunchScreen.storyboard;
			sourceTree = "<group>";
		};
/* End PBXVariantGroup section */

/* Begin XCBuildConfiguration section */
		DEE0DD3526CBE18B0028F910 /* Debug */ = {
			isa = XCBuildConfiguration;
			buildSettings = {
				ALWAYS_SEARCH_USER_PATHS = NO;
				CLANG_ANALYZER_NONNULL = YES;
				CLANG_ANALYZER_NUMBER_OBJECT_CONVERSION = YES_AGGRESSIVE;
				CLANG_CXX_LANGUAGE_STANDARD = "gnu++14";
				CLANG_CXX_LIBRARY = "libc++";
				CLANG_ENABLE_MODULES = YES;
				CLANG_ENABLE_OBJC_ARC = YES;
				CLANG_ENABLE_OBJC_WEAK = YES;
				CLANG_WARN_BLOCK_CAPTURE_AUTORELEASING = YES;
				CLANG_WARN_BOOL_CONVERSION = YES;
				CLANG_WARN_COMMA = YES;
				CLANG_WARN_CONSTANT_CONVERSION = YES;
				CLANG_WARN_DEPRECATED_OBJC_IMPLEMENTATIONS = YES;
				CLANG_WARN_DIRECT_OBJC_ISA_USAGE = YES_ERROR;
				CLANG_WARN_DOCUMENTATION_COMMENTS = YES;
				CLANG_WARN_EMPTY_BODY = YES;
				CLANG_WARN_ENUM_CONVERSION = YES;
				CLANG_WARN_INFINITE_RECURSION = YES;
				CLANG_WARN_INT_CONVERSION = YES;
				CLANG_WARN_NON_LITERAL_NULL_CONVERSION = YES;
				CLANG_WARN_OBJC_IMPLICIT_RETAIN_SELF = YES;
				CLANG_WARN_OBJC_LITERAL_CONVERSION = YES;
				CLANG_WARN_OBJC_ROOT_CLASS = YES_ERROR;
				CLANG_WARN_QUOTED_INCLUDE_IN_FRAMEWORK_HEADER = YES;
				CLANG_WARN_RANGE_LOOP_ANALYSIS = YES;
				CLANG_WARN_STRICT_PROTOTYPES = YES;
				CLANG_WARN_SUSPICIOUS_MOVE = YES;
				CLANG_WARN_UNGUARDED_AVAILABILITY = YES_AGGRESSIVE;
				CLANG_WARN_UNREACHABLE_CODE = YES;
				CLANG_WARN__DUPLICATE_METHOD_MATCH = YES;
				COPY_PHASE_STRIP = NO;
				DEBUG_INFORMATION_FORMAT = dwarf;
				ENABLE_STRICT_OBJC_MSGSEND = YES;
				ENABLE_TESTABILITY = YES;
				GCC_C_LANGUAGE_STANDARD = gnu11;
				GCC_DYNAMIC_NO_PIC = NO;
				GCC_NO_COMMON_BLOCKS = YES;
				GCC_OPTIMIZATION_LEVEL = 0;
				GCC_PREPROCESSOR_DEFINITIONS = (
					"DEBUG=1",
					"$(inherited)",
				);
				GCC_WARN_64_TO_32_BIT_CONVERSION = YES;
				GCC_WARN_ABOUT_RETURN_TYPE = YES_ERROR;
				GCC_WARN_UNDECLARED_SELECTOR = YES;
				GCC_WARN_UNINITIALIZED_AUTOS = YES_AGGRESSIVE;
				GCC_WARN_UNUSED_FUNCTION = YES;
				GCC_WARN_UNUSED_VARIABLE = YES;
				IPHONEOS_DEPLOYMENT_TARGET = 14.5;
				MTL_ENABLE_DEBUG_INFO = INCLUDE_SOURCE;
				MTL_FAST_MATH = YES;
				ONLY_ACTIVE_ARCH = YES;
				SDKROOT = iphoneos;
				SWIFT_ACTIVE_COMPILATION_CONDITIONS = DEBUG;
				SWIFT_OPTIMIZATION_LEVEL = "-Onone";
			};
			name = Debug;
		};
		DEE0DD3626CBE18B0028F910 /* Release */ = {
			isa = XCBuildConfiguration;
			buildSettings = {
				ALWAYS_SEARCH_USER_PATHS = NO;
				CLANG_ANALYZER_NONNULL = YES;
				CLANG_ANALYZER_NUMBER_OBJECT_CONVERSION = YES_AGGRESSIVE;
				CLANG_CXX_LANGUAGE_STANDARD = "gnu++14";
				CLANG_CXX_LIBRARY = "libc++";
				CLANG_ENABLE_MODULES = YES;
				CLANG_ENABLE_OBJC_ARC = YES;
				CLANG_ENABLE_OBJC_WEAK = YES;
				CLANG_WARN_BLOCK_CAPTURE_AUTORELEASING = YES;
				CLANG_WARN_BOOL_CONVERSION = YES;
				CLANG_WARN_COMMA = YES;
				CLANG_WARN_CONSTANT_CONVERSION = YES;
				CLANG_WARN_DEPRECATED_OBJC_IMPLEMENTATIONS = YES;
				CLANG_WARN_DIRECT_OBJC_ISA_USAGE = YES_ERROR;
				CLANG_WARN_DOCUMENTATION_COMMENTS = YES;
				CLANG_WARN_EMPTY_BODY = YES;
				CLANG_WARN_ENUM_CONVERSION = YES;
				CLANG_WARN_INFINITE_RECURSION = YES;
				CLANG_WARN_INT_CONVERSION = YES;
				CLANG_WARN_NON_LITERAL_NULL_CONVERSION = YES;
				CLANG_WARN_OBJC_IMPLICIT_RETAIN_SELF = YES;
				CLANG_WARN_OBJC_LITERAL_CONVERSION = YES;
				CLANG_WARN_OBJC_ROOT_CLASS = YES_ERROR;
				CLANG_WARN_QUOTED_INCLUDE_IN_FRAMEWORK_HEADER = YES;
				CLANG_WARN_RANGE_LOOP_ANALYSIS = YES;
				CLANG_WARN_STRICT_PROTOTYPES = YES;
				CLANG_WARN_SUSPICIOUS_MOVE = YES;
				CLANG_WARN_UNGUARDED_AVAILABILITY = YES_AGGRESSIVE;
				CLANG_WARN_UNREACHABLE_CODE = YES;
				CLANG_WARN__DUPLICATE_METHOD_MATCH = YES;
				COPY_PHASE_STRIP = NO;
				DEBUG_INFORMATION_FORMAT = "dwarf-with-dsym";
				ENABLE_NS_ASSERTIONS = NO;
				ENABLE_STRICT_OBJC_MSGSEND = YES;
				GCC_C_LANGUAGE_STANDARD = gnu11;
				GCC_NO_COMMON_BLOCKS = YES;
				GCC_WARN_64_TO_32_BIT_CONVERSION = YES;
				GCC_WARN_ABOUT_RETURN_TYPE = YES_ERROR;
				GCC_WARN_UNDECLARED_SELECTOR = YES;
				GCC_WARN_UNINITIALIZED_AUTOS = YES_AGGRESSIVE;
				GCC_WARN_UNUSED_FUNCTION = YES;
				GCC_WARN_UNUSED_VARIABLE = YES;
				IPHONEOS_DEPLOYMENT_TARGET = 14.5;
				MTL_ENABLE_DEBUG_INFO = NO;
				MTL_FAST_MATH = YES;
				SDKROOT = iphoneos;
				SWIFT_COMPILATION_MODE = wholemodule;
				SWIFT_OPTIMIZATION_LEVEL = "-O";
				VALIDATE_PRODUCT = YES;
			};
			name = Release;
		};
		DEE0DD3826CBE18B0028F910 /* Debug */ = {
			isa = XCBuildConfiguration;
			buildSettings = {
				ASSETCATALOG_COMPILER_APPICON_NAME = AppIcon;
				ASSETCATALOG_COMPILER_GLOBAL_ACCENT_COLOR_NAME = AccentColor;
				CODE_SIGN_STYLE = Automatic;
				DEVELOPMENT_TEAM = 295RZ63R97;
				INFOPLIST_FILE = test05/Info.plist;
				LD_RUNPATH_SEARCH_PATHS = (
					"$(inherited)",
					"@executable_path/Frameworks",
				);
				PRODUCT_BUNDLE_IDENTIFIER = SeongHyeonBaek.test05;
				PRODUCT_NAME = "$(TARGET_NAME)";
				SWIFT_VERSION = 5.0;
				TARGETED_DEVICE_FAMILY = "1,2";
			};
			name = Debug;
		};
		DEE0DD3926CBE18B0028F910 /* Release */ = {
			isa = XCBuildConfiguration;
			buildSettings = {
				ASSETCATALOG_COMPILER_APPICON_NAME = AppIcon;
				ASSETCATALOG_COMPILER_GLOBAL_ACCENT_COLOR_NAME = AccentColor;
				CODE_SIGN_STYLE = Automatic;
				DEVELOPMENT_TEAM = 295RZ63R97;
				INFOPLIST_FILE = test05/Info.plist;
				LD_RUNPATH_SEARCH_PATHS = (
					"$(inherited)",
					"@executable_path/Frameworks",
				);
				PRODUCT_BUNDLE_IDENTIFIER = SeongHyeonBaek.test05;
				PRODUCT_NAME = "$(TARGET_NAME)";
				SWIFT_VERSION = 5.0;
				TARGETED_DEVICE_FAMILY = "1,2";
			};
			name = Release;
		};
/* End XCBuildConfiguration section */

/* Begin XCConfigurationList section */
		DEE0DD1B26CBE18A0028F910 /* Build configuration list for PBXProject "test05" */ = {
			isa = XCConfigurationList;
			buildConfigurations = (
				DEE0DD3526CBE18B0028F910 /* Debug */,
				DEE0DD3626CBE18B0028F910 /* Release */,
			);
			defaultConfigurationIsVisible = 0;
			defaultConfigurationName = Release;
		};
		DEE0DD3726CBE18B0028F910 /* Build configuration list for PBXNativeTarget "test05" */ = {
			isa = XCConfigurationList;
			buildConfigurations = (
				DEE0DD3826CBE18B0028F910 /* Debug */,
				DEE0DD3926CBE18B0028F910 /* Release */,
			);
			defaultConfigurationIsVisible = 0;
			defaultConfigurationName = Release;
		};
/* End XCConfigurationList section */

/* Begin XCVersionGroup section */
		DEE0DD2C26CBE18A0028F910 /* test05.xcdatamodeld */ = {
			isa = XCVersionGroup;
			children = (
				DEE0DD2D26CBE18A0028F910 /* test05.xcdatamodel */,
			);
			currentVersion = DEE0DD2D26CBE18A0028F910 /* test05.xcdatamodel */;
			path = test05.xcdatamodeld;
			sourceTree = "<group>";
			versionGroupType = wrapper.xcdatamodel;
		};
/* End XCVersionGroup section */
	};
	rootObject = DEE0DD1826CBE18A0028F910 /* Project object */;
}
